// !$*UTF8*$!
{
	archiveVersion = 1;
	classes = {
	};
	objectVersion = 46;
	objects = {

/* Begin PBXBuildFile section */
		655FD6A817A20A45000FF8A7 /* Data.m in Sources */ = {isa = PBXBuildFile; fileRef = 655FD6A717A20A45000FF8A7 /* Data.m */; };
		659C1DFB17A09A5100EAF6A9 /* UIKit.framework in Frameworks */ = {isa = PBXBuildFile; fileRef = 659C1DFA17A09A5100EAF6A9 /* UIKit.framework */; };
		659C1DFD17A09A5100EAF6A9 /* Foundation.framework in Frameworks */ = {isa = PBXBuildFile; fileRef = 659C1DFC17A09A5100EAF6A9 /* Foundation.framework */; };
		659C1DFF17A09A5100EAF6A9 /* CoreGraphics.framework in Frameworks */ = {isa = PBXBuildFile; fileRef = 659C1DFE17A09A5100EAF6A9 /* CoreGraphics.framework */; };
		659C1E0517A09A5100EAF6A9 /* InfoPlist.strings in Resources */ = {isa = PBXBuildFile; fileRef = 659C1E0317A09A5100EAF6A9 /* InfoPlist.strings */; };
		659C1E0717A09A5100EAF6A9 /* main.m in Sources */ = {isa = PBXBuildFile; fileRef = 659C1E0617A09A5100EAF6A9 /* main.m */; };
		659C1E0B17A09A5100EAF6A9 /* AppDelegate.m in Sources */ = {isa = PBXBuildFile; fileRef = 659C1E0A17A09A5100EAF6A9 /* AppDelegate.m */; };
		659C1E0D17A09A5100EAF6A9 /* Default.png in Resources */ = {isa = PBXBuildFile; fileRef = 659C1E0C17A09A5100EAF6A9 /* Default.png */; };
		659C1E0F17A09A5100EAF6A9 /* Default@2x.png in Resources */ = {isa = PBXBuildFile; fileRef = 659C1E0E17A09A5100EAF6A9 /* Default@2x.png */; };
		659C1E1117A09A5100EAF6A9 /* Default-568h@2x.png in Resources */ = {isa = PBXBuildFile; fileRef = 659C1E1017A09A5100EAF6A9 /* Default-568h@2x.png */; };
		659C1E1417A09A5100EAF6A9 /* MainStoryboard_iPhone.storyboard in Resources */ = {isa = PBXBuildFile; fileRef = 659C1E1217A09A5100EAF6A9 /* MainStoryboard_iPhone.storyboard */; };
		659C1E1717A09A5100EAF6A9 /* MainStoryboard_iPad.storyboard in Resources */ = {isa = PBXBuildFile; fileRef = 659C1E1517A09A5100EAF6A9 /* MainStoryboard_iPad.storyboard */; };
		659C1E1D17A09A5100EAF6A9 /* DetailViewController.m in Sources */ = {isa = PBXBuildFile; fileRef = 659C1E1C17A09A5100EAF6A9 /* DetailViewController.m */; };
		659C1E2517A09A5200EAF6A9 /* SenTestingKit.framework in Frameworks */ = {isa = PBXBuildFile; fileRef = 659C1E2417A09A5200EAF6A9 /* SenTestingKit.framework */; };
		659C1E2617A09A5200EAF6A9 /* UIKit.framework in Frameworks */ = {isa = PBXBuildFile; fileRef = 659C1DFA17A09A5100EAF6A9 /* UIKit.framework */; };
		659C1E2717A09A5200EAF6A9 /* Foundation.framework in Frameworks */ = {isa = PBXBuildFile; fileRef = 659C1DFC17A09A5100EAF6A9 /* Foundation.framework */; };
		659C1E2F17A09A5200EAF6A9 /* InfoPlist.strings in Resources */ = {isa = PBXBuildFile; fileRef = 659C1E2D17A09A5200EAF6A9 /* InfoPlist.strings */; };
		659C1E3217A09A5200EAF6A9 /* Himnario_AdventistaTests.m in Sources */ = {isa = PBXBuildFile; fileRef = 659C1E3117A09A5200EAF6A9 /* Himnario_AdventistaTests.m */; };
		659C1E6B17A0CCC700EAF6A9 /* MasterViewController.m in Sources */ = {isa = PBXBuildFile; fileRef = 659C1E6A17A0CCC700EAF6A9 /* MasterViewController.m */; };
/* End PBXBuildFile section */

/* Begin PBXContainerItemProxy section */
		659C1E2817A09A5200EAF6A9 /* PBXContainerItemProxy */ = {
			isa = PBXContainerItemProxy;
			containerPortal = 659C1DEF17A09A5100EAF6A9 /* Project object */;
			proxyType = 1;
			remoteGlobalIDString = 659C1DF617A09A5100EAF6A9;
			remoteInfo = "Himnario Adventista";
		};
/* End PBXContainerItemProxy section */

/* Begin PBXFileReference section */
		655FD6A617A20A45000FF8A7 /* Data.h */ = {isa = PBXFileReference; fileEncoding = 4; lastKnownFileType = sourcecode.c.h; path = Data.h; sourceTree = "<group>"; };
		655FD6A717A20A45000FF8A7 /* Data.m */ = {isa = PBXFileReference; fileEncoding = 4; lastKnownFileType = sourcecode.c.objc; path = Data.m; sourceTree = "<group>"; };
		659C1DF717A09A5100EAF6A9 /* Himnario Adventista.app */ = {isa = PBXFileReference; explicitFileType = wrapper.application; includeInIndex = 0; path = "Himnario Adventista.app"; sourceTree = BUILT_PRODUCTS_DIR; };
		659C1DFA17A09A5100EAF6A9 /* UIKit.framework */ = {isa = PBXFileReference; lastKnownFileType = wrapper.framework; name = UIKit.framework; path = System/Library/Frameworks/UIKit.framework; sourceTree = SDKROOT; };
		659C1DFC17A09A5100EAF6A9 /* Foundation.framework */ = {isa = PBXFileReference; lastKnownFileType = wrapper.framework; name = Foundation.framework; path = System/Library/Frameworks/Foundation.framework; sourceTree = SDKROOT; };
		659C1DFE17A09A5100EAF6A9 /* CoreGraphics.framework */ = {isa = PBXFileReference; lastKnownFileType = wrapper.framework; name = CoreGraphics.framework; path = System/Library/Frameworks/CoreGraphics.framework; sourceTree = SDKROOT; };
		659C1E0217A09A5100EAF6A9 /* Himnario Adventista-Info.plist */ = {isa = PBXFileReference; lastKnownFileType = text.plist.xml; path = "Himnario Adventista-Info.plist"; sourceTree = "<group>"; };
		659C1E0417A09A5100EAF6A9 /* en */ = {isa = PBXFileReference; lastKnownFileType = text.plist.strings; name = en; path = en.lproj/InfoPlist.strings; sourceTree = "<group>"; };
		659C1E0617A09A5100EAF6A9 /* main.m */ = {isa = PBXFileReference; lastKnownFileType = sourcecode.c.objc; path = main.m; sourceTree = "<group>"; };
		659C1E0817A09A5100EAF6A9 /* Himnario Adventista-Prefix.pch */ = {isa = PBXFileReference; lastKnownFileType = sourcecode.c.h; path = "Himnario Adventista-Prefix.pch"; sourceTree = "<group>"; };
		659C1E0917A09A5100EAF6A9 /* AppDelegate.h */ = {isa = PBXFileReference; lastKnownFileType = sourcecode.c.h; path = AppDelegate.h; sourceTree = "<group>"; };
		659C1E0A17A09A5100EAF6A9 /* AppDelegate.m */ = {isa = PBXFileReference; lastKnownFileType = sourcecode.c.objc; path = AppDelegate.m; sourceTree = "<group>"; };
		659C1E0C17A09A5100EAF6A9 /* Default.png */ = {isa = PBXFileReference; lastKnownFileType = image.png; path = Default.png; sourceTree = "<group>"; };
		659C1E0E17A09A5100EAF6A9 /* Default@2x.png */ = {isa = PBXFileReference; lastKnownFileType = image.png; path = "Default@2x.png"; sourceTree = "<group>"; };
		659C1E1017A09A5100EAF6A9 /* Default-568h@2x.png */ = {isa = PBXFileReference; lastKnownFileType = image.png; path = "Default-568h@2x.png"; sourceTree = "<group>"; };
		659C1E1317A09A5100EAF6A9 /* en */ = {isa = PBXFileReference; lastKnownFileType = file.storyboard; name = en; path = en.lproj/MainStoryboard_iPhone.storyboard; sourceTree = "<group>"; };
		659C1E1617A09A5100EAF6A9 /* en */ = {isa = PBXFileReference; lastKnownFileType = file.storyboard; name = en; path = en.lproj/MainStoryboard_iPad.storyboard; sourceTree = "<group>"; };
		659C1E1817A09A5100EAF6A9 /* MasterViewController.h */ = {isa = PBXFileReference; lastKnownFileType = sourcecode.c.h; path = MasterViewController.h; sourceTree = "<group>"; };
		659C1E1B17A09A5100EAF6A9 /* DetailViewController.h */ = {isa = PBXFileReference; lastKnownFileType = sourcecode.c.h; path = DetailViewController.h; sourceTree = "<group>"; };
		659C1E1C17A09A5100EAF6A9 /* DetailViewController.m */ = {isa = PBXFileReference; lastKnownFileType = sourcecode.c.objc; path = DetailViewController.m; sourceTree = "<group>"; };
		659C1E2317A09A5200EAF6A9 /* Himnario AdventistaTests.octest */ = {isa = PBXFileReference; explicitFileType = wrapper.cfbundle; includeInIndex = 0; path = "Himnario AdventistaTests.octest"; sourceTree = BUILT_PRODUCTS_DIR; };
		659C1E2417A09A5200EAF6A9 /* SenTestingKit.framework */ = {isa = PBXFileReference; lastKnownFileType = wrapper.framework; name = SenTestingKit.framework; path = Library/Frameworks/SenTestingKit.framework; sourceTree = DEVELOPER_DIR; };
		659C1E2C17A09A5200EAF6A9 /* Himnario AdventistaTests-Info.plist */ = {isa = PBXFileReference; lastKnownFileType = text.plist.xml; path = "Himnario AdventistaTests-Info.plist"; sourceTree = "<group>"; };
		659C1E2E17A09A5200EAF6A9 /* en */ = {isa = PBXFileReference; lastKnownFileType = text.plist.strings; name = en; path = en.lproj/InfoPlist.strings; sourceTree = "<group>"; };
		659C1E3017A09A5200EAF6A9 /* Himnario_AdventistaTests.h */ = {isa = PBXFileReference; lastKnownFileType = sourcecode.c.h; path = Himnario_AdventistaTests.h; sourceTree = "<group>"; };
		659C1E3117A09A5200EAF6A9 /* Himnario_AdventistaTests.m */ = {isa = PBXFileReference; lastKnownFileType = sourcecode.c.objc; path = Himnario_AdventistaTests.m; sourceTree = "<group>"; };
		659C1E6A17A0CCC700EAF6A9 /* MasterViewController.m */ = {isa = PBXFileReference; fileEncoding = 4; lastKnownFileType = sourcecode.c.objc; path = MasterViewController.m; sourceTree = "<group>"; };
/* End PBXFileReference section */

/* Begin PBXFrameworksBuildPhase section */
		659C1DF417A09A5100EAF6A9 /* Frameworks */ = {
			isa = PBXFrameworksBuildPhase;
			buildActionMask = 2147483647;
			files = (
				659C1DFB17A09A5100EAF6A9 /* UIKit.framework in Frameworks */,
				659C1DFD17A09A5100EAF6A9 /* Foundation.framework in Frameworks */,
				659C1DFF17A09A5100EAF6A9 /* CoreGraphics.framework in Frameworks */,
			);
			runOnlyForDeploymentPostprocessing = 0;
		};
		659C1E1F17A09A5200EAF6A9 /* Frameworks */ = {
			isa = PBXFrameworksBuildPhase;
			buildActionMask = 2147483647;
			files = (
				659C1E2517A09A5200EAF6A9 /* SenTestingKit.framework in Frameworks */,
				659C1E2617A09A5200EAF6A9 /* UIKit.framework in Frameworks */,
				659C1E2717A09A5200EAF6A9 /* Foundation.framework in Frameworks */,
			);
			runOnlyForDeploymentPostprocessing = 0;
		};
/* End PBXFrameworksBuildPhase section */

/* Begin PBXGroup section */
		659C1DEE17A09A5100EAF6A9 = {
			isa = PBXGroup;
			children = (
				659C1E0017A09A5100EAF6A9 /* Himnario Adventista */,
				659C1E2A17A09A5200EAF6A9 /* Himnario AdventistaTests */,
				659C1DF917A09A5100EAF6A9 /* Frameworks */,
				659C1DF817A09A5100EAF6A9 /* Products */,
			);
			sourceTree = "<group>";
		};
		659C1DF817A09A5100EAF6A9 /* Products */ = {
			isa = PBXGroup;
			children = (
				659C1DF717A09A5100EAF6A9 /* Himnario Adventista.app */,
				659C1E2317A09A5200EAF6A9 /* Himnario AdventistaTests.octest */,
			);
			name = Products;
			sourceTree = "<group>";
		};
		659C1DF917A09A5100EAF6A9 /* Frameworks */ = {
			isa = PBXGroup;
			children = (
				659C1DFA17A09A5100EAF6A9 /* UIKit.framework */,
				659C1DFC17A09A5100EAF6A9 /* Foundation.framework */,
				659C1DFE17A09A5100EAF6A9 /* CoreGraphics.framework */,
				659C1E2417A09A5200EAF6A9 /* SenTestingKit.framework */,
			);
			name = Frameworks;
			sourceTree = "<group>";
		};
		659C1E0017A09A5100EAF6A9 /* Himnario Adventista */ = {
			isa = PBXGroup;
			children = (
				659C1E0917A09A5100EAF6A9 /* AppDelegate.h */,
				659C1E0A17A09A5100EAF6A9 /* AppDelegate.m */,
				659C1E1217A09A5100EAF6A9 /* MainStoryboard_iPhone.storyboard */,
				659C1E1517A09A5100EAF6A9 /* MainStoryboard_iPad.storyboard */,
				659C1E1817A09A5100EAF6A9 /* MasterViewController.h */,
				659C1E6A17A0CCC700EAF6A9 /* MasterViewController.m */,
				659C1E1B17A09A5100EAF6A9 /* DetailViewController.h */,
				659C1E1C17A09A5100EAF6A9 /* DetailViewController.m */,
				659C1E0117A09A5100EAF6A9 /* Supporting Files */,
				655FD6A617A20A45000FF8A7 /* Data.h */,
				655FD6A717A20A45000FF8A7 /* Data.m */,
			);
			path = "Himnario Adventista";
			sourceTree = "<group>";
		};
		659C1E0117A09A5100EAF6A9 /* Supporting Files */ = {
			isa = PBXGroup;
			children = (
				659C1E0217A09A5100EAF6A9 /* Himnario Adventista-Info.plist */,
				659C1E0317A09A5100EAF6A9 /* InfoPlist.strings */,
				659C1E0617A09A5100EAF6A9 /* main.m */,
				659C1E0817A09A5100EAF6A9 /* Himnario Adventista-Prefix.pch */,
				659C1E0C17A09A5100EAF6A9 /* Default.png */,
				659C1E0E17A09A5100EAF6A9 /* Default@2x.png */,
				659C1E1017A09A5100EAF6A9 /* Default-568h@2x.png */,
			);
			name = "Supporting Files";
			sourceTree = "<group>";
		};
		659C1E2A17A09A5200EAF6A9 /* Himnario AdventistaTests */ = {
			isa = PBXGroup;
			children = (
				659C1E3017A09A5200EAF6A9 /* Himnario_AdventistaTests.h */,
				659C1E3117A09A5200EAF6A9 /* Himnario_AdventistaTests.m */,
				659C1E2B17A09A5200EAF6A9 /* Supporting Files */,
			);
			path = "Himnario AdventistaTests";
			sourceTree = "<group>";
		};
		659C1E2B17A09A5200EAF6A9 /* Supporting Files */ = {
			isa = PBXGroup;
			children = (
				659C1E2C17A09A5200EAF6A9 /* Himnario AdventistaTests-Info.plist */,
				659C1E2D17A09A5200EAF6A9 /* InfoPlist.strings */,
			);
			name = "Supporting Files";
			sourceTree = "<group>";
		};
/* End PBXGroup section */

/* Begin PBXNativeTarget section */
		659C1DF617A09A5100EAF6A9 /* Himnario Adventista */ = {
			isa = PBXNativeTarget;
			buildConfigurationList = 659C1E3517A09A5200EAF6A9 /* Build configuration list for PBXNativeTarget "Himnario Adventista" */;
			buildPhases = (
				659C1DF317A09A5100EAF6A9 /* Sources */,
				659C1DF417A09A5100EAF6A9 /* Frameworks */,
				659C1DF517A09A5100EAF6A9 /* Resources */,
			);
			buildRules = (
			);
			dependencies = (
			);
			name = "Himnario Adventista";
			productName = "Himnario Adventista";
			productReference = 659C1DF717A09A5100EAF6A9 /* Himnario Adventista.app */;
			productType = "com.apple.product-type.application";
		};
		659C1E2217A09A5200EAF6A9 /* Himnario AdventistaTests */ = {
			isa = PBXNativeTarget;
			buildConfigurationList = 659C1E3817A09A5200EAF6A9 /* Build configuration list for PBXNativeTarget "Himnario AdventistaTests" */;
			buildPhases = (
				659C1E1E17A09A5200EAF6A9 /* Sources */,
				659C1E1F17A09A5200EAF6A9 /* Frameworks */,
				659C1E2017A09A5200EAF6A9 /* Resources */,
				659C1E2117A09A5200EAF6A9 /* ShellScript */,
			);
			buildRules = (
			);
			dependencies = (
				659C1E2917A09A5200EAF6A9 /* PBXTargetDependency */,
			);
			name = "Himnario AdventistaTests";
			productName = "Himnario AdventistaTests";
			productReference = 659C1E2317A09A5200EAF6A9 /* Himnario AdventistaTests.octest */;
			productType = "com.apple.product-type.bundle";
		};
/* End PBXNativeTarget section */

/* Begin PBXProject section */
		659C1DEF17A09A5100EAF6A9 /* Project object */ = {
			isa = PBXProject;
			attributes = {
				LastUpgradeCheck = 0460;
				ORGANIZATIONNAME = "Daniel Scholtus";
			};
			buildConfigurationList = 659C1DF217A09A5100EAF6A9 /* Build configuration list for PBXProject "Himnario Adventista" */;
			compatibilityVersion = "Xcode 3.2";
			developmentRegion = English;
			hasScannedForEncodings = 0;
			knownRegions = (
				en,
			);
			mainGroup = 659C1DEE17A09A5100EAF6A9;
			productRefGroup = 659C1DF817A09A5100EAF6A9 /* Products */;
			projectDirPath = "";
			projectRoot = "";
			targets = (
				659C1DF617A09A5100EAF6A9 /* Himnario Adventista */,
				659C1E2217A09A5200EAF6A9 /* Himnario AdventistaTests */,
			);
		};
/* End PBXProject section */

/* Begin PBXResourcesBuildPhase section */
		659C1DF517A09A5100EAF6A9 /* Resources */ = {
			isa = PBXResourcesBuildPhase;
			buildActionMask = 2147483647;
			files = (
				659C1E0517A09A5100EAF6A9 /* InfoPlist.strings in Resources */,
				659C1E0D17A09A5100EAF6A9 /* Default.png in Resources */,
				659C1E0F17A09A5100EAF6A9 /* Default@2x.png in Resources */,
				659C1E1117A09A5100EAF6A9 /* Default-568h@2x.png in Resources */,
				659C1E1417A09A5100EAF6A9 /* MainStoryboard_iPhone.storyboard in Resources */,
				659C1E1717A09A5100EAF6A9 /* MainStoryboard_iPad.storyboard in Resources */,
			);
			runOnlyForDeploymentPostprocessing = 0;
		};
		659C1E2017A09A5200EAF6A9 /* Resources */ = {
			isa = PBXResourcesBuildPhase;
			buildActionMask = 2147483647;
			files = (
				659C1E2F17A09A5200EAF6A9 /* InfoPlist.strings in Resources */,
			);
			runOnlyForDeploymentPostprocessing = 0;
		};
/* End PBXResourcesBuildPhase section */

/* Begin PBXShellScriptBuildPhase section */
		659C1E2117A09A5200EAF6A9 /* ShellScript */ = {
			isa = PBXShellScriptBuildPhase;
			buildActionMask = 2147483647;
			files = (
			);
			inputPaths = (
			);
			outputPaths = (
			);
			runOnlyForDeploymentPostprocessing = 0;
			shellPath = /bin/sh;
			shellScript = "# Run the unit tests in this test bundle.\n\"${SYSTEM_DEVELOPER_DIR}/Tools/RunUnitTests\"\n";
		};
/* End PBXShellScriptBuildPhase section */

/* Begin PBXSourcesBuildPhase section */
		659C1DF317A09A5100EAF6A9 /* Sources */ = {
			isa = PBXSourcesBuildPhase;
			buildActionMask = 2147483647;
			files = (
				659C1E0717A09A5100EAF6A9 /* main.m in Sources */,
				659C1E0B17A09A5100EAF6A9 /* AppDelegate.m in Sources */,
				659C1E1D17A09A5100EAF6A9 /* DetailViewController.m in Sources */,
				659C1E6B17A0CCC700EAF6A9 /* MasterViewController.m in Sources */,
				655FD6A817A20A45000FF8A7 /* Data.m in Sources */,
			);
			runOnlyForDeploymentPostprocessing = 0;
		};
		659C1E1E17A09A5200EAF6A9 /* Sources */ = {
			isa = PBXSourcesBuildPhase;
			buildActionMask = 2147483647;
			files = (
				659C1E3217A09A5200EAF6A9 /* Himnario_AdventistaTests.m in Sources */,
			);
			runOnlyForDeploymentPostprocessing = 0;
		};
/* End PBXSourcesBuildPhase section */

/* Begin PBXTargetDependency section */
		659C1E2917A09A5200EAF6A9 /* PBXTargetDependency */ = {
			isa = PBXTargetDependency;
			target = 659C1DF617A09A5100EAF6A9 /* Himnario Adventista */;
			targetProxy = 659C1E2817A09A5200EAF6A9 /* PBXContainerItemProxy */;
		};
/* End PBXTargetDependency section */

/* Begin PBXVariantGroup section */
		659C1E0317A09A5100EAF6A9 /* InfoPlist.strings */ = {
			isa = PBXVariantGroup;
			children = (
				659C1E0417A09A5100EAF6A9 /* en */,
			);
			name = InfoPlist.strings;
			sourceTree = "<group>";
		};
		659C1E1217A09A5100EAF6A9 /* MainStoryboard_iPhone.storyboard */ = {
			isa = PBXVariantGroup;
			children = (
				659C1E1317A09A5100EAF6A9 /* en */,
			);
			name = MainStoryboard_iPhone.storyboard;
			sourceTree = "<group>";
		};
		659C1E1517A09A5100EAF6A9 /* MainStoryboard_iPad.storyboard */ = {
			isa = PBXVariantGroup;
			children = (
				659C1E1617A09A5100EAF6A9 /* en */,
			);
			name = MainStoryboard_iPad.storyboard;
			sourceTree = "<group>";
		};
		659C1E2D17A09A5200EAF6A9 /* InfoPlist.strings */ = {
			isa = PBXVariantGroup;
			children = (
				659C1E2E17A09A5200EAF6A9 /* en */,
			);
			name = InfoPlist.strings;
			sourceTree = "<group>";
		};
/* End PBXVariantGroup section */

/* Begin XCBuildConfiguration section */
		659C1E3317A09A5200EAF6A9 /* Debug */ = {
			isa = XCBuildConfiguration;
			buildSettings = {
				ALWAYS_SEARCH_USER_PATHS = NO;
				CLANG_CXX_LANGUAGE_STANDARD = "gnu++0x";
				CLANG_CXX_LIBRARY = "libc++";
				CLANG_ENABLE_OBJC_ARC = YES;
				CLANG_WARN_CONSTANT_CONVERSION = YES;
				CLANG_WARN_EMPTY_BODY = YES;
				CLANG_WARN_ENUM_CONVERSION = YES;
				CLANG_WARN_INT_CONVERSION = YES;
				CLANG_WARN__DUPLICATE_METHOD_MATCH = YES;
				"CODE_SIGN_IDENTITY[sdk=iphoneos*]" = "iPhone Developer";
				COPY_PHASE_STRIP = NO;
				GCC_C_LANGUAGE_STANDARD = gnu99;
				GCC_DYNAMIC_NO_PIC = NO;
				GCC_OPTIMIZATION_LEVEL = 0;
				GCC_PREPROCESSOR_DEFINITIONS = (
					"DEBUG=1",
					"$(inherited)",
				);
				GCC_SYMBOLS_PRIVATE_EXTERN = NO;
				GCC_WARN_ABOUT_RETURN_TYPE = YES;
				GCC_WARN_UNINITIALIZED_AUTOS = YES;
				GCC_WARN_UNUSED_VARIABLE = YES;
				IPHONEOS_DEPLOYMENT_TARGET = 6.1;
				ONLY_ACTIVE_ARCH = YES;
				SDKROOT = iphoneos;
				TARGETED_DEVICE_FAMILY = "1,2";
			};
			name = Debug;
		};
		659C1E3417A09A5200EAF6A9 /* Release */ = {
			isa = XCBuildConfiguration;
			buildSettings = {
				ALWAYS_SEARCH_USER_PATHS = NO;
				CLANG_CXX_LANGUAGE_STANDARD = "gnu++0x";
				CLANG_CXX_LIBRARY = "libc++";
				CLANG_ENABLE_OBJC_ARC = YES;
				CLANG_WARN_CONSTANT_CONVERSION = YES;
				CLANG_WARN_EMPTY_BODY = YES;
				CLANG_WARN_ENUM_CONVERSION = YES;
				CLANG_WARN_INT_CONVERSION = YES;
				CLANG_WARN__DUPLICATE_METHOD_MATCH = YES;
				"CODE_SIGN_IDENTITY[sdk=iphoneos*]" = "iPhone Developer";
				COPY_PHASE_STRIP = YES;
				GCC_C_LANGUAGE_STANDARD = gnu99;
				GCC_WARN_ABOUT_RETURN_TYPE = YES;
				GCC_WARN_UNINITIALIZED_AUTOS = YES;
				GCC_WARN_UNUSED_VARIABLE = YES;
				IPHONEOS_DEPLOYMENT_TARGET = 6.1;
				OTHER_CFLAGS = "-DNS_BLOCK_ASSERTIONS=1";
				SDKROOT = iphoneos;
				TARGETED_DEVICE_FAMILY = "1,2";
				VALIDATE_PRODUCT = YES;
			};
			name = Release;
		};
		659C1E3617A09A5200EAF6A9 /* Debug */ = {
			isa = XCBuildConfiguration;
			buildSettings = {
				GCC_PRECOMPILE_PREFIX_HEADER = YES;
				GCC_PREFIX_HEADER = "Himnario Adventista/Himnario Adventista-Prefix.pch";
				INFOPLIST_FILE = "Himnario Adventista/Himnario Adventista-Info.plist";
				IPHONEOS_DEPLOYMENT_TARGET = 6.1;
				PRODUCT_NAME = "$(TARGET_NAME)";
				WRAPPER_EXTENSION = app;
			};
			name = Debug;
		};
		659C1E3717A09A5200EAF6A9 /* Release */ = {
			isa = XCBuildConfiguration;
			buildSettings = {
				GCC_PRECOMPILE_PREFIX_HEADER = YES;
				GCC_PREFIX_HEADER = "Himnario Adventista/Himnario Adventista-Prefix.pch";
				INFOPLIST_FILE = "Himnario Adventista/Himnario Adventista-Info.plist";
				IPHONEOS_DEPLOYMENT_TARGET = 6.1;
				PRODUCT_NAME = "$(TARGET_NAME)";
				WRAPPER_EXTENSION = app;
			};
			name = Release;
		};
		659C1E3917A09A5200EAF6A9 /* Debug */ = {
			isa = XCBuildConfiguration;
			buildSettings = {
				BUNDLE_LOADER = "$(BUILT_PRODUCTS_DIR)/Himnario Adventista.app/Himnario Adventista";
				FRAMEWORK_SEARCH_PATHS = (
					"\"$(SDKROOT)/Developer/Library/Frameworks\"",
					"\"$(DEVELOPER_LIBRARY_DIR)/Frameworks\"",
				);
				GCC_PRECOMPILE_PREFIX_HEADER = YES;
				GCC_PREFIX_HEADER = "Himnario Adventista/Himnario Adventista-Prefix.pch";
				INFOPLIST_FILE = "Himnario AdventistaTests/Himnario AdventistaTests-Info.plist";
				PRODUCT_NAME = "$(TARGET_NAME)";
				TEST_HOST = "$(BUNDLE_LOADER)";
				WRAPPER_EXTENSION = octest;
			};
			name = Debug;
		};
		659C1E3A17A09A5200EAF6A9 /* Release */ = {
			isa = XCBuildConfiguration;
			buildSettings = {
				BUNDLE_LOADER = "$(BUILT_PRODUCTS_DIR)/Himnario Adventista.app/Himnario Adventista";
				FRAMEWORK_SEARCH_PATHS = (
					"\"$(SDKROOT)/Developer/Library/Frameworks\"",
					"\"$(DEVELOPER_LIBRARY_DIR)/Frameworks\"",
				);
				GCC_PRECOMPILE_PREFIX_HEADER = YES;
				GCC_PREFIX_HEADER = "Himnario Adventista/Himnario Adventista-Prefix.pch";
				INFOPLIST_FILE = "Himnario AdventistaTests/Himnario AdventistaTests-Info.plist";
				PRODUCT_NAME = "$(TARGET_NAME)";
				TEST_HOST = "$(BUNDLE_LOADER)";
				WRAPPER_EXTENSION = octest;
			};
			name = Release;
		};
/* End XCBuildConfiguration section */

/* Begin XCConfigurationList section */
		659C1DF217A09A5100EAF6A9 /* Build configuration list for PBXProject "Himnario Adventista" */ = {
			isa = XCConfigurationList;
			buildConfigurations = (
				659C1E3317A09A5200EAF6A9 /* Debug */,
				659C1E3417A09A5200EAF6A9 /* Release */,
			);
			defaultConfigurationIsVisible = 0;
			defaultConfigurationName = Release;
		};
		659C1E3517A09A5200EAF6A9 /* Build configuration list for PBXNativeTarget "Himnario Adventista" */ = {
			isa = XCConfigurationList;
			buildConfigurations = (
				659C1E3617A09A5200EAF6A9 /* Debug */,
				659C1E3717A09A5200EAF6A9 /* Release */,
			);
			defaultConfigurationIsVisible = 0;
			defaultConfigurationName = Release;
		};
		659C1E3817A09A5200EAF6A9 /* Build configuration list for PBXNativeTarget "Himnario AdventistaTests" */ = {
			isa = XCConfigurationList;
			buildConfigurations = (
				659C1E3917A09A5200EAF6A9 /* Debug */,
				659C1E3A17A09A5200EAF6A9 /* Release */,
			);
			defaultConfigurationIsVisible = 0;
			defaultConfigurationName = Release;
		};
/* End XCConfigurationList section */
	};
	rootObject = 659C1DEF17A09A5100EAF6A9 /* Project object */;
}
